[[package]]
name = "itoa"
version = "0.4.3"
source = "registry+https://github.com/rust-lang/crates.io-index"

[[package]]
name = "json_in_type"
version = "0.1.4"
source = "registry+https://github.com/rust-lang/crates.io-index"
dependencies = [
 "itoa 0.4.3 (registry+https://github.com/rust-lang/crates.io-index)",
 "json_in_type_derive 0.1.1 (registry+https://github.com/rust-lang/crates.io-index)",
 "ryu-ecmascript 0.1.0 (registry+https://github.com/rust-lang/crates.io-index)",
 "simd 0.2.3 (registry+https://github.com/rust-lang/crates.io-index)",
]

[[package]]
name = "json_in_type_derive"
version = "0.1.1"
source = "registry+https://github.com/rust-lang/crates.io-index"
dependencies = [
 "quote 0.6.8 (registry+https://github.com/rust-lang/crates.io-index)",
 "syn 0.14.9 (registry+https://github.com/rust-lang/crates.io-index)",
]

[[package]]
name = "json_in_type_derive"
version = "0.1.2"
dependencies = [
 "json_in_type 0.1.4 (registry+https://github.com/rust-lang/crates.io-index)",
 "quote 0.6.8 (registry+https://github.com/rust-lang/crates.io-index)",
 "syn 0.14.9 (registry+https://github.com/rust-lang/crates.io-index)",
]

[[package]]
name = "proc-macro2"
version = "0.4.20"
source = "registry+https://github.com/rust-lang/crates.io-index"
dependencies = [
 "unicode-xid 0.1.0 (registry+https://github.com/rust-lang/crates.io-index)",
]

[[package]]
name = "quote"
version = "0.6.8"
source = "registry+https://github.com/rust-lang/crates.io-index"
dependencies = [
 "proc-macro2 0.4.20 (registry+https://github.com/rust-lang/crates.io-index)",
]

[[package]]
name = "ryu-ecmascript"
version = "0.1.0"
source = "registry+https://github.com/rust-lang/crates.io-index"

[[package]]
name = "simd"
version = "0.2.3"
source = "registry+https://github.com/rust-lang/crates.io-index"

[[package]]
name = "syn"
version = "0.14.9"
source = "registry+https://github.com/rust-lang/crates.io-index"
dependencies = [
 "proc-macro2 0.4.20 (registry+https://github.com/rust-lang/crates.io-index)",
 "quote 0.6.8 (registry+https://github.com/rust-lang/crates.io-index)",
 "unicode-xid 0.1.0 (registry+https://github.com/rust-lang/crates.io-index)",
]

[[package]]
name = "unicode-xid"
version = "0.1.0"
source = "registry+https://github.com/rust-lang/crates.io-index"

[metadata]
"checksum itoa 0.4.3 (registry+https://github.com/rust-lang/crates.io-index)" = "1306f3464951f30e30d12373d31c79fbd52d236e5e896fd92f96ec7babbbe60b"
"checksum json_in_type 0.1.4 (registry+https://github.com/rust-lang/crates.io-index)" = "86de845b0b451dd34cb1c5957de7276a9ec8f23509527f9fad29fa509b9309d4"
"checksum json_in_type_derive 0.1.1 (registry+https://github.com/rust-lang/crates.io-index)" = "4ee4877316fab729214a8ab656cc0b685f36b23e7bc047072f3f4302493b8c8b"
"checksum proc-macro2 0.4.20 (registry+https://github.com/rust-lang/crates.io-index)" = "3d7b7eaaa90b4a90a932a9ea6666c95a389e424eff347f0f793979289429feee"
"checksum quote 0.6.8 (registry+https://github.com/rust-lang/crates.io-index)" = "dd636425967c33af890042c483632d33fa7a18f19ad1d7ea72e8998c6ef8dea5"
"checksum ryu-ecmascript 0.1.0 (registry+https://github.com/rust-lang/crates.io-index)" = "151b1d476af143857436f5321bd422853b2769d4505de03a068dfb5af23cbfa7"
"checksum simd 0.2.3 (registry+https://github.com/rust-lang/crates.io-index)" = "0048b17eb9577ac545c61d85c3559b41dfb4cbea41c9bd9ca6a4f73ff05fda84"
"checksum syn 0.14.9 (registry+https://github.com/rust-lang/crates.io-index)" = "261ae9ecaa397c42b960649561949d69311f08eeaea86a65696e6e46517cf741"
"checksum unicode-xid 0.1.0 (registry+https://github.com/rust-lang/crates.io-index)" = "fc72304796d0818e357ead4e000d19c9c174ab23dc11093ac919054d20a6a7fc"
